
Microsoft Visual Studio Solution File, Format Version 12.00
# Visual Studio Version 17
VisualStudioVersion = 17.14.36623.8
MinimumVisualStudioVersion = 10.0.40219.1
Project("{FAE04EC0-301F-11D3-BF4B-00C04F79EFBC}") = "Domain", "Domain\Domain.csproj", "{836540E1-6B3E-451F-96AA-4547B456E4D5}"
EndProject
Project("{FAE04EC0-301F-11D3-BF4B-00C04F79EFBC}") = "Domain.Tests", "Domain.Tests\Domain.Tests.csproj", "{EBCFE187-5CB1-4017-897E-F929452C74C3}"
EndProject
Project("{FAE04EC0-301F-11D3-BF4B-00C04F79EFBC}") = "TelegramBot", "..\Task3\ConsoleApp1\TelegramBot.csproj", "{E3416BD4-A319-4E8C-B6C0-BDF6C1808E1D}"
	ProjectSection(ProjectDependencies) = postProject
		{836540E1-6B3E-451F-96AA-4547B456E4D5} = {836540E1-6B3E-451F-96AA-4547B456E4D5}
	EndProjectSection
EndProject
Global
	GlobalSection(SolutionConfigurationPlatforms) = preSolution
		Debug|Any CPU = Debug|Any CPU
		Release|Any CPU = Release|Any CPU
	EndGlobalSection
	GlobalSection(ProjectConfigurationPlatforms) = postSolution
		{836540E1-6B3E-451F-96AA-4547B456E4D5}.Debug|Any CPU.ActiveCfg = Debug|Any CPU
		{836540E1-6B3E-451F-96AA-4547B456E4D5}.Debug|Any CPU.Build.0 = Debug|Any CPU
		{836540E1-6B3E-451F-96AA-4547B456E4D5}.Release|Any CPU.ActiveCfg = Release|Any CPU
		{836540E1-6B3E-451F-96AA-4547B456E4D5}.Release|Any CPU.Build.0 = Release|Any CPU
		{EBCFE187-5CB1-4017-897E-F929452C74C3}.Debug|Any CPU.ActiveCfg = Debug|Any CPU
		{EBCFE187-5CB1-4017-897E-F929452C74C3}.Debug|Any CPU.Build.0 = Debug|Any CPU
		{EBCFE187-5CB1-4017-897E-F929452C74C3}.Release|Any CPU.ActiveCfg = Release|Any CPU
		{EBCFE187-5CB1-4017-897E-F929452C74C3}.Release|Any CPU.Build.0 = Release|Any CPU
		{E3416BD4-A319-4E8C-B6C0-BDF6C1808E1D}.Debug|Any CPU.ActiveCfg = Debug|Any CPU
		{E3416BD4-A319-4E8C-B6C0-BDF6C1808E1D}.Debug|Any CPU.Build.0 = Debug|Any CPU
		{E3416BD4-A319-4E8C-B6C0-BDF6C1808E1D}.Release|Any CPU.ActiveCfg = Release|Any CPU
		{E3416BD4-A319-4E8C-B6C0-BDF6C1808E1D}.Release|Any CPU.Build.0 = Release|Any CPU
	EndGlobalSection
	GlobalSection(SolutionProperties) = preSolution
		HideSolutionNode = FALSE
	EndGlobalSection
	GlobalSection(ExtensibilityGlobals) = postSolution
		SolutionGuid = {F7F292FA-C0C2-4016-A2A5-F3D487A5599E}
	EndGlobalSection
EndGlobal
